// !$*UTF8*$!
{
	archiveVersion = 1;
	classes = {
	};
	objectVersion = 50;
	objects = {

/* Begin PBXBuildFile section */
		9363F25420E060CC00212BF8 /* Contact.swift in Sources */ = {isa = PBXBuildFile; fileRef = 9363F25320E060CC00212BF8 /* Contact.swift */; };
		9363F25620E097BE00212BF8 /* RequestsTableViewController.swift in Sources */ = {isa = PBXBuildFile; fileRef = 9363F25520E097BE00212BF8 /* RequestsTableViewController.swift */; };
		9363F25920E0996C00212BF8 /* ContactRequestCell.swift in Sources */ = {isa = PBXBuildFile; fileRef = 9363F25720E0996C00212BF8 /* ContactRequestCell.swift */; };
		9363F25A20E0996C00212BF8 /* ContactRequestCell.xib in Resources */ = {isa = PBXBuildFile; fileRef = 9363F25820E0996C00212BF8 /* ContactRequestCell.xib */; };
		93DB5CAB20D8A6680060CDFD /* AppDelegate.swift in Sources */ = {isa = PBXBuildFile; fileRef = 93DB5CAA20D8A6680060CDFD /* AppDelegate.swift */; };
		93DB5CAD20D8A6680060CDFD /* LogInViewController.swift in Sources */ = {isa = PBXBuildFile; fileRef = 93DB5CAC20D8A6680060CDFD /* LogInViewController.swift */; };
		93DB5CB020D8A6680060CDFD /* Main.storyboard in Resources */ = {isa = PBXBuildFile; fileRef = 93DB5CAE20D8A6680060CDFD /* Main.storyboard */; };
		93DB5CB220D8A66B0060CDFD /* Assets.xcassets in Resources */ = {isa = PBXBuildFile; fileRef = 93DB5CB120D8A66B0060CDFD /* Assets.xcassets */; };
		93DB5CB520D8A66C0060CDFD /* LaunchScreen.storyboard in Resources */ = {isa = PBXBuildFile; fileRef = 93DB5CB320D8A66C0060CDFD /* LaunchScreen.storyboard */; };
		93DB5CC220D8B0F60060CDFD /* RegisterViewController.swift in Sources */ = {isa = PBXBuildFile; fileRef = 93DB5CC120D8B0F60060CDFD /* RegisterViewController.swift */; };
		93DB5CC420D8C6A40060CDFD /* UITextFieldExtension.swift in Sources */ = {isa = PBXBuildFile; fileRef = 93DB5CC320D8C6A40060CDFD /* UITextFieldExtension.swift */; };
		93DB5CC620D9BB710060CDFD /* GoogleService-Info.plist in Resources */ = {isa = PBXBuildFile; fileRef = 93DB5CC520D9BB700060CDFD /* GoogleService-Info.plist */; };
		93DB5CF220DB70A80060CDFD /* ContactsTableViewController.swift in Sources */ = {isa = PBXBuildFile; fileRef = 93DB5CF120DB70A80060CDFD /* ContactsTableViewController.swift */; };
		93DB5CF920DB73BA0060CDFD /* ContactCell.swift in Sources */ = {isa = PBXBuildFile; fileRef = 93DB5CF720DB73BA0060CDFD /* ContactCell.swift */; };
		93DB5CFA20DB73BA0060CDFD /* ContactCell.xib in Resources */ = {isa = PBXBuildFile; fileRef = 93DB5CF820DB73BA0060CDFD /* ContactCell.xib */; };
		93DB5CFD20DB75710060CDFD /* FavouriteContactsTableRowCell.swift in Sources */ = {isa = PBXBuildFile; fileRef = 93DB5CFB20DB75710060CDFD /* FavouriteContactsTableRowCell.swift */; };
		93DB5CFE20DB75710060CDFD /* FavouriteContactsTableRowCell.xib in Resources */ = {isa = PBXBuildFile; fileRef = 93DB5CFC20DB75710060CDFD /* FavouriteContactsTableRowCell.xib */; };
		93DB5D0120DB78690060CDFD /* FavouriteContactCell.swift in Sources */ = {isa = PBXBuildFile; fileRef = 93DB5CFF20DB78690060CDFD /* FavouriteContactCell.swift */; };
		93DB5D0220DB78690060CDFD /* FavouriteContactCell.xib in Resources */ = {isa = PBXBuildFile; fileRef = 93DB5D0020DB78690060CDFD /* FavouriteContactCell.xib */; };
		93DB5D0420DC6A710060CDFD /* User.swift in Sources */ = {isa = PBXBuildFile; fileRef = 93DB5D0320DC6A710060CDFD /* User.swift */; };
		93DB5D0720DC6F2E0060CDFD /* FirebaseReference.swift in Sources */ = {isa = PBXBuildFile; fileRef = 93DB5D0620DC6F2E0060CDFD /* FirebaseReference.swift */; };
		93DB5D0920DCB67A0060CDFD /* CurrentUser.swift in Sources */ = {isa = PBXBuildFile; fileRef = 93DB5D0820DCB67A0060CDFD /* CurrentUser.swift */; };
		A2A9D05820908A2EFC500DC0 /* Pods_Empower.framework in Frameworks */ = {isa = PBXBuildFile; fileRef = 85DB1A4C5FAD536190DF9E1C /* Pods_Empower.framework */; };
/* End PBXBuildFile section */

/* Begin PBXFileReference section */
		3F08A70766BEB5E58741D842 /* Pods-Empower.debug.xcconfig */ = {isa = PBXFileReference; includeInIndex = 1; lastKnownFileType = text.xcconfig; name = "Pods-Empower.debug.xcconfig"; path = "Pods/Target Support Files/Pods-Empower/Pods-Empower.debug.xcconfig"; sourceTree = "<group>"; };
		723694AADBFA12EEB33D9A48 /* Pods-Empower.release.xcconfig */ = {isa = PBXFileReference; includeInIndex = 1; lastKnownFileType = text.xcconfig; name = "Pods-Empower.release.xcconfig"; path = "Pods/Target Support Files/Pods-Empower/Pods-Empower.release.xcconfig"; sourceTree = "<group>"; };
		85DB1A4C5FAD536190DF9E1C /* Pods_Empower.framework */ = {isa = PBXFileReference; explicitFileType = wrapper.framework; includeInIndex = 0; path = Pods_Empower.framework; sourceTree = BUILT_PRODUCTS_DIR; };
		9363F25320E060CC00212BF8 /* Contact.swift */ = {isa = PBXFileReference; lastKnownFileType = sourcecode.swift; path = Contact.swift; sourceTree = "<group>"; };
		9363F25520E097BE00212BF8 /* RequestsTableViewController.swift */ = {isa = PBXFileReference; lastKnownFileType = sourcecode.swift; path = RequestsTableViewController.swift; sourceTree = "<group>"; };
		9363F25720E0996C00212BF8 /* ContactRequestCell.swift */ = {isa = PBXFileReference; lastKnownFileType = sourcecode.swift; path = ContactRequestCell.swift; sourceTree = "<group>"; };
		9363F25820E0996C00212BF8 /* ContactRequestCell.xib */ = {isa = PBXFileReference; lastKnownFileType = file.xib; path = ContactRequestCell.xib; sourceTree = "<group>"; };
		93DB5CA720D8A6680060CDFD /* Empower.app */ = {isa = PBXFileReference; explicitFileType = wrapper.application; includeInIndex = 0; path = Empower.app; sourceTree = BUILT_PRODUCTS_DIR; };
		93DB5CAA20D8A6680060CDFD /* AppDelegate.swift */ = {isa = PBXFileReference; lastKnownFileType = sourcecode.swift; path = AppDelegate.swift; sourceTree = "<group>"; };
		93DB5CAC20D8A6680060CDFD /* LogInViewController.swift */ = {isa = PBXFileReference; lastKnownFileType = sourcecode.swift; path = LogInViewController.swift; sourceTree = "<group>"; };
		93DB5CAF20D8A6680060CDFD /* Base */ = {isa = PBXFileReference; lastKnownFileType = file.storyboard; name = Base; path = Base.lproj/Main.storyboard; sourceTree = "<group>"; };
		93DB5CB120D8A66B0060CDFD /* Assets.xcassets */ = {isa = PBXFileReference; lastKnownFileType = folder.assetcatalog; path = Assets.xcassets; sourceTree = "<group>"; };
		93DB5CB420D8A66C0060CDFD /* Base */ = {isa = PBXFileReference; lastKnownFileType = file.storyboard; name = Base; path = Base.lproj/LaunchScreen.storyboard; sourceTree = "<group>"; };
		93DB5CB620D8A66C0060CDFD /* Info.plist */ = {isa = PBXFileReference; lastKnownFileType = text.plist.xml; path = Info.plist; sourceTree = "<group>"; };
		93DB5CC120D8B0F60060CDFD /* RegisterViewController.swift */ = {isa = PBXFileReference; lastKnownFileType = sourcecode.swift; path = RegisterViewController.swift; sourceTree = "<group>"; };
		93DB5CC320D8C6A40060CDFD /* UITextFieldExtension.swift */ = {isa = PBXFileReference; lastKnownFileType = sourcecode.swift; path = UITextFieldExtension.swift; sourceTree = "<group>"; };
		93DB5CC520D9BB700060CDFD /* GoogleService-Info.plist */ = {isa = PBXFileReference; fileEncoding = 4; lastKnownFileType = text.plist.xml; path = "GoogleService-Info.plist"; sourceTree = "<group>"; };
		93DB5CF120DB70A80060CDFD /* ContactsTableViewController.swift */ = {isa = PBXFileReference; lastKnownFileType = sourcecode.swift; path = ContactsTableViewController.swift; sourceTree = "<group>"; };
		93DB5CF720DB73BA0060CDFD /* ContactCell.swift */ = {isa = PBXFileReference; lastKnownFileType = sourcecode.swift; path = ContactCell.swift; sourceTree = "<group>"; };
		93DB5CF820DB73BA0060CDFD /* ContactCell.xib */ = {isa = PBXFileReference; lastKnownFileType = file.xib; path = ContactCell.xib; sourceTree = "<group>"; };
		93DB5CFB20DB75710060CDFD /* FavouriteContactsTableRowCell.swift */ = {isa = PBXFileReference; lastKnownFileType = sourcecode.swift; path = FavouriteContactsTableRowCell.swift; sourceTree = "<group>"; };
		93DB5CFC20DB75710060CDFD /* FavouriteContactsTableRowCell.xib */ = {isa = PBXFileReference; lastKnownFileType = file.xib; path = FavouriteContactsTableRowCell.xib; sourceTree = "<group>"; };
		93DB5CFF20DB78690060CDFD /* FavouriteContactCell.swift */ = {isa = PBXFileReference; lastKnownFileType = sourcecode.swift; path = FavouriteContactCell.swift; sourceTree = "<group>"; };
		93DB5D0020DB78690060CDFD /* FavouriteContactCell.xib */ = {isa = PBXFileReference; lastKnownFileType = file.xib; path = FavouriteContactCell.xib; sourceTree = "<group>"; };
		93DB5D0320DC6A710060CDFD /* User.swift */ = {isa = PBXFileReference; lastKnownFileType = sourcecode.swift; path = User.swift; sourceTree = "<group>"; };
		93DB5D0620DC6F2E0060CDFD /* FirebaseReference.swift */ = {isa = PBXFileReference; lastKnownFileType = sourcecode.swift; path = FirebaseReference.swift; sourceTree = "<group>"; };
		93DB5D0820DCB67A0060CDFD /* CurrentUser.swift */ = {isa = PBXFileReference; lastKnownFileType = sourcecode.swift; path = CurrentUser.swift; sourceTree = "<group>"; };
/* End PBXFileReference section */

/* Begin PBXFrameworksBuildPhase section */
		93DB5CA420D8A6680060CDFD /* Frameworks */ = {
			isa = PBXFrameworksBuildPhase;
			buildActionMask = 2147483647;
			files = (
				A2A9D05820908A2EFC500DC0 /* Pods_Empower.framework in Frameworks */,
			);
			runOnlyForDeploymentPostprocessing = 0;
		};
/* End PBXFrameworksBuildPhase section */

/* Begin PBXGroup section */
		2898F78A9FD4EE09893D0E23 /* Frameworks */ = {
			isa = PBXGroup;
			children = (
				85DB1A4C5FAD536190DF9E1C /* Pods_Empower.framework */,
			);
			name = Frameworks;
			sourceTree = "<group>";
		};
		8BE594F6DC97506E96F64A20 /* Pods */ = {
			isa = PBXGroup;
			children = (
				3F08A70766BEB5E58741D842 /* Pods-Empower.debug.xcconfig */,
				723694AADBFA12EEB33D9A48 /* Pods-Empower.release.xcconfig */,
			);
			name = Pods;
			sourceTree = "<group>";
		};
		93DB5C9E20D8A6680060CDFD = {
			isa = PBXGroup;
			children = (
				93DB5CC520D9BB700060CDFD /* GoogleService-Info.plist */,
				93DB5CA920D8A6680060CDFD /* Empower */,
				93DB5CA820D8A6680060CDFD /* Products */,
				8BE594F6DC97506E96F64A20 /* Pods */,
				2898F78A9FD4EE09893D0E23 /* Frameworks */,
			);
			sourceTree = "<group>";
		};
		93DB5CA820D8A6680060CDFD /* Products */ = {
			isa = PBXGroup;
			children = (
				93DB5CA720D8A6680060CDFD /* Empower.app */,
			);
			name = Products;
			sourceTree = "<group>";
		};
		93DB5CA920D8A6680060CDFD /* Empower */ = {
			isa = PBXGroup;
			children = (
				93DB5D0520DC6A760060CDFD /* Model */,
				93DB5CBC20D8AF490060CDFD /* Controller */,
				93DB5CBD20D8AF580060CDFD /* View */,
				93DB5CBE20D8AF620060CDFD /* Supporting Files */,
				93DB5CB620D8A66C0060CDFD /* Info.plist */,
				93DB5CAA20D8A6680060CDFD /* AppDelegate.swift */,
			);
			path = Empower;
			sourceTree = "<group>";
		};
		93DB5CBC20D8AF490060CDFD /* Controller */ = {
			isa = PBXGroup;
			children = (
				93DB5CAC20D8A6680060CDFD /* LogInViewController.swift */,
				93DB5CC120D8B0F60060CDFD /* RegisterViewController.swift */,
				93DB5CF120DB70A80060CDFD /* ContactsTableViewController.swift */,
				9363F25520E097BE00212BF8 /* RequestsTableViewController.swift */,
			);
			path = Controller;
			sourceTree = "<group>";
		};
		93DB5CBD20D8AF580060CDFD /* View */ = {
			isa = PBXGroup;
			children = (
				93DB5CAE20D8A6680060CDFD /* Main.storyboard */,
				93DB5CF720DB73BA0060CDFD /* ContactCell.swift */,
				93DB5CF820DB73BA0060CDFD /* ContactCell.xib */,
				93DB5CFB20DB75710060CDFD /* FavouriteContactsTableRowCell.swift */,
				93DB5CFC20DB75710060CDFD /* FavouriteContactsTableRowCell.xib */,
				93DB5CFF20DB78690060CDFD /* FavouriteContactCell.swift */,
				93DB5D0020DB78690060CDFD /* FavouriteContactCell.xib */,
				9363F25720E0996C00212BF8 /* ContactRequestCell.swift */,
				9363F25820E0996C00212BF8 /* ContactRequestCell.xib */,
			);
			path = View;
			sourceTree = "<group>";
		};
		93DB5CBE20D8AF620060CDFD /* Supporting Files */ = {
			isa = PBXGroup;
			children = (
				93DB5CB120D8A66B0060CDFD /* Assets.xcassets */,
				93DB5CB320D8A66C0060CDFD /* LaunchScreen.storyboard */,
				93DB5CC320D8C6A40060CDFD /* UITextFieldExtension.swift */,
			);
			path = "Supporting Files";
			sourceTree = "<group>";
		};
		93DB5D0520DC6A760060CDFD /* Model */ = {
			isa = PBXGroup;
			children = (
				93DB5D0320DC6A710060CDFD /* User.swift */,
				93DB5D0620DC6F2E0060CDFD /* FirebaseReference.swift */,
				93DB5D0820DCB67A0060CDFD /* CurrentUser.swift */,
				9363F25320E060CC00212BF8 /* Contact.swift */,
			);
			path = Model;
			sourceTree = "<group>";
		};
/* End PBXGroup section */

/* Begin PBXNativeTarget section */
		93DB5CA620D8A6680060CDFD /* Empower */ = {
			isa = PBXNativeTarget;
			buildConfigurationList = 93DB5CB920D8A66C0060CDFD /* Build configuration list for PBXNativeTarget "Empower" */;
			buildPhases = (
				3D88363E76401C28242F9A2C /* [CP] Check Pods Manifest.lock */,
				93DB5CA320D8A6680060CDFD /* Sources */,
				93DB5CA420D8A6680060CDFD /* Frameworks */,
				93DB5CA520D8A6680060CDFD /* Resources */,
				530466608D32F21874768E83 /* [CP] Embed Pods Frameworks */,
			);
			buildRules = (
			);
			dependencies = (
			);
			name = Empower;
			productName = Empower;
			productReference = 93DB5CA720D8A6680060CDFD /* Empower.app */;
			productType = "com.apple.product-type.application";
		};
/* End PBXNativeTarget section */

/* Begin PBXProject section */
		93DB5C9F20D8A6680060CDFD /* Project object */ = {
			isa = PBXProject;
			attributes = {
				LastSwiftUpdateCheck = 0940;
				LastUpgradeCheck = 0940;
				ORGANIZATIONNAME = "Aaron Zhong";
				TargetAttributes = {
					93DB5CA620D8A6680060CDFD = {
						CreatedOnToolsVersion = 9.4.1;
					};
				};
			};
			buildConfigurationList = 93DB5CA220D8A6680060CDFD /* Build configuration list for PBXProject "Empower" */;
			compatibilityVersion = "Xcode 9.3";
			developmentRegion = en;
			hasScannedForEncodings = 0;
			knownRegions = (
				en,
				Base,
			);
			mainGroup = 93DB5C9E20D8A6680060CDFD;
			productRefGroup = 93DB5CA820D8A6680060CDFD /* Products */;
			projectDirPath = "";
			projectRoot = "";
			targets = (
				93DB5CA620D8A6680060CDFD /* Empower */,
			);
		};
/* End PBXProject section */

/* Begin PBXResourcesBuildPhase section */
		93DB5CA520D8A6680060CDFD /* Resources */ = {
			isa = PBXResourcesBuildPhase;
			buildActionMask = 2147483647;
			files = (
				93DB5D0220DB78690060CDFD /* FavouriteContactCell.xib in Resources */,
				93DB5CB520D8A66C0060CDFD /* LaunchScreen.storyboard in Resources */,
				93DB5CC620D9BB710060CDFD /* GoogleService-Info.plist in Resources */,
				93DB5CFE20DB75710060CDFD /* FavouriteContactsTableRowCell.xib in Resources */,
				9363F25A20E0996C00212BF8 /* ContactRequestCell.xib in Resources */,
				93DB5CB220D8A66B0060CDFD /* Assets.xcassets in Resources */,
				93DB5CB020D8A6680060CDFD /* Main.storyboard in Resources */,
				93DB5CFA20DB73BA0060CDFD /* ContactCell.xib in Resources */,
			);
			runOnlyForDeploymentPostprocessing = 0;
		};
/* End PBXResourcesBuildPhase section */

/* Begin PBXShellScriptBuildPhase section */
		3D88363E76401C28242F9A2C /* [CP] Check Pods Manifest.lock */ = {
			isa = PBXShellScriptBuildPhase;
			buildActionMask = 2147483647;
			files = (
			);
			inputPaths = (
				"${PODS_PODFILE_DIR_PATH}/Podfile.lock",
				"${PODS_ROOT}/Manifest.lock",
			);
			name = "[CP] Check Pods Manifest.lock";
			outputPaths = (
				"$(DERIVED_FILE_DIR)/Pods-Empower-checkManifestLockResult.txt",
			);
			runOnlyForDeploymentPostprocessing = 0;
			shellPath = /bin/sh;
			shellScript = "diff \"${PODS_PODFILE_DIR_PATH}/Podfile.lock\" \"${PODS_ROOT}/Manifest.lock\" > /dev/null\nif [ $? != 0 ] ; then\n    # print error to STDERR\n    echo \"error: The sandbox is not in sync with the Podfile.lock. Run 'pod install' or update your CocoaPods installation.\" >&2\n    exit 1\nfi\n# This output is used by Xcode 'outputs' to avoid re-running this script phase.\necho \"SUCCESS\" > \"${SCRIPT_OUTPUT_FILE_0}\"\n";
			showEnvVarsInLog = 0;
		};
		530466608D32F21874768E83 /* [CP] Embed Pods Frameworks */ = {
			isa = PBXShellScriptBuildPhase;
			buildActionMask = 2147483647;
			files = (
			);
			inputPaths = (
				"${SRCROOT}/Pods/Target Support Files/Pods-Empower/Pods-Empower-frameworks.sh",
				"${BUILT_PRODUCTS_DIR}/GTMSessionFetcher/GTMSessionFetcher.framework",
				"${BUILT_PRODUCTS_DIR}/GoogleToolboxForMac/GoogleToolboxForMac.framework",
				"${BUILT_PRODUCTS_DIR}/SVProgressHUD/SVProgressHUD.framework",
				"${BUILT_PRODUCTS_DIR}/leveldb-library/leveldb.framework",
				"${BUILT_PRODUCTS_DIR}/nanopb/nanopb.framework",
			);
			name = "[CP] Embed Pods Frameworks";
			outputPaths = (
				"${TARGET_BUILD_DIR}/${FRAMEWORKS_FOLDER_PATH}/GTMSessionFetcher.framework",
				"${TARGET_BUILD_DIR}/${FRAMEWORKS_FOLDER_PATH}/GoogleToolboxForMac.framework",
				"${TARGET_BUILD_DIR}/${FRAMEWORKS_FOLDER_PATH}/SVProgressHUD.framework",
				"${TARGET_BUILD_DIR}/${FRAMEWORKS_FOLDER_PATH}/leveldb.framework",
				"${TARGET_BUILD_DIR}/${FRAMEWORKS_FOLDER_PATH}/nanopb.framework",
			);
			runOnlyForDeploymentPostprocessing = 0;
			shellPath = /bin/sh;
			shellScript = "\"${SRCROOT}/Pods/Target Support Files/Pods-Empower/Pods-Empower-frameworks.sh\"\n";
			showEnvVarsInLog = 0;
		};
/* End PBXShellScriptBuildPhase section */

/* Begin PBXSourcesBuildPhase section */
		93DB5CA320D8A6680060CDFD /* Sources */ = {
			isa = PBXSourcesBuildPhase;
			buildActionMask = 2147483647;
			files = (
				9363F25420E060CC00212BF8 /* Contact.swift in Sources */,
				93DB5D0720DC6F2E0060CDFD /* FirebaseReference.swift in Sources */,
				93DB5CF920DB73BA0060CDFD /* ContactCell.swift in Sources */,
				93DB5D0920DCB67A0060CDFD /* CurrentUser.swift in Sources */,
				93DB5CC420D8C6A40060CDFD /* UITextFieldExtension.swift in Sources */,
				93DB5CAD20D8A6680060CDFD /* LogInViewController.swift in Sources */,
				93DB5CAB20D8A6680060CDFD /* AppDelegate.swift in Sources */,
				93DB5CF220DB70A80060CDFD /* ContactsTableViewController.swift in Sources */,
				93DB5D0420DC6A710060CDFD /* User.swift in Sources */,
				93DB5CFD20DB75710060CDFD /* FavouriteContactsTableRowCell.swift in Sources */,
				9363F25620E097BE00212BF8 /* RequestsTableViewController.swift in Sources */,
				93DB5D0120DB78690060CDFD /* FavouriteContactCell.swift in Sources */,
				9363F25920E0996C00212BF8 /* ContactRequestCell.swift in Sources */,
				93DB5CC220D8B0F60060CDFD /* RegisterViewController.swift in Sources */,
			);
			runOnlyForDeploymentPostprocessing = 0;
		};
/* End PBXSourcesBuildPhase section */

/* Begin PBXVariantGroup section */
		93DB5CAE20D8A6680060CDFD /* Main.storyboard */ = {
			isa = PBXVariantGroup;
			children = (
				93DB5CAF20D8A6680060CDFD /* Base */,
			);
			name = Main.storyboard;
			sourceTree = "<group>";
		};
		93DB5CB320D8A66C0060CDFD /* LaunchScreen.storyboard */ = {
			isa = PBXVariantGroup;
			children = (
				93DB5CB420D8A66C0060CDFD /* Base */,
			);
			name = LaunchScreen.storyboard;
			sourceTree = "<group>";
		};
/* End PBXVariantGroup section */

/* Begin XCBuildConfiguration section */
		93DB5CB720D8A66C0060CDFD /* Debug */ = {
			isa = XCBuildConfiguration;
			buildSettings = {
				ALWAYS_SEARCH_USER_PATHS = NO;
				CLANG_ANALYZER_NONNULL = YES;
				CLANG_ANALYZER_NUMBER_OBJECT_CONVERSION = YES_AGGRESSIVE;
				CLANG_CXX_LANGUAGE_STANDARD = "gnu++14";
				CLANG_CXX_LIBRARY = "libc++";
				CLANG_ENABLE_MODULES = YES;
				CLANG_ENABLE_OBJC_ARC = YES;
				CLANG_ENABLE_OBJC_WEAK = YES;
				CLANG_WARN_BLOCK_CAPTURE_AUTORELEASING = YES;
				CLANG_WARN_BOOL_CONVERSION = YES;
				CLANG_WARN_COMMA = YES;
				CLANG_WARN_CONSTANT_CONVERSION = YES;
				CLANG_WARN_DEPRECATED_OBJC_IMPLEMENTATIONS = YES;
				CLANG_WARN_DIRECT_OBJC_ISA_USAGE = YES_ERROR;
				CLANG_WARN_DOCUMENTATION_COMMENTS = YES;
				CLANG_WARN_EMPTY_BODY = YES;
				CLANG_WARN_ENUM_CONVERSION = YES;
				CLANG_WARN_INFINITE_RECURSION = YES;
				CLANG_WARN_INT_CONVERSION = YES;
				CLANG_WARN_NON_LITERAL_NULL_CONVERSION = YES;
				CLANG_WARN_OBJC_IMPLICIT_RETAIN_SELF = YES;
				CLANG_WARN_OBJC_LITERAL_CONVERSION = YES;
				CLANG_WARN_OBJC_ROOT_CLASS = YES_ERROR;
				CLANG_WARN_RANGE_LOOP_ANALYSIS = YES;
				CLANG_WARN_STRICT_PROTOTYPES = YES;
				CLANG_WARN_SUSPICIOUS_MOVE = YES;
				CLANG_WARN_UNGUARDED_AVAILABILITY = YES_AGGRESSIVE;
				CLANG_WARN_UNREACHABLE_CODE = YES;
				CLANG_WARN__DUPLICATE_METHOD_MATCH = YES;
				CODE_SIGN_IDENTITY = "iPhone Developer";
				COPY_PHASE_STRIP = NO;
				DEBUG_INFORMATION_FORMAT = dwarf;
				ENABLE_STRICT_OBJC_MSGSEND = YES;
				ENABLE_TESTABILITY = YES;
				GCC_C_LANGUAGE_STANDARD = gnu11;
				GCC_DYNAMIC_NO_PIC = NO;
				GCC_NO_COMMON_BLOCKS = YES;
				GCC_OPTIMIZATION_LEVEL = 0;
				GCC_PREPROCESSOR_DEFINITIONS = (
					"DEBUG=1",
					"$(inherited)",
				);
				GCC_WARN_64_TO_32_BIT_CONVERSION = YES;
				GCC_WARN_ABOUT_RETURN_TYPE = YES_ERROR;
				GCC_WARN_UNDECLARED_SELECTOR = YES;
				GCC_WARN_UNINITIALIZED_AUTOS = YES_AGGRESSIVE;
				GCC_WARN_UNUSED_FUNCTION = YES;
				GCC_WARN_UNUSED_VARIABLE = YES;
				IPHONEOS_DEPLOYMENT_TARGET = 11.4;
				MTL_ENABLE_DEBUG_INFO = YES;
				ONLY_ACTIVE_ARCH = YES;
				SDKROOT = iphoneos;
				SWIFT_ACTIVE_COMPILATION_CONDITIONS = DEBUG;
				SWIFT_OPTIMIZATION_LEVEL = "-Onone";
			};
			name = Debug;
		};
		93DB5CB820D8A66C0060CDFD /* Release */ = {
			isa = XCBuildConfiguration;
			buildSettings = {
				ALWAYS_SEARCH_USER_PATHS = NO;
				CLANG_ANALYZER_NONNULL = YES;
				CLANG_ANALYZER_NUMBER_OBJECT_CONVERSION = YES_AGGRESSIVE;
				CLANG_CXX_LANGUAGE_STANDARD = "gnu++14";
				CLANG_CXX_LIBRARY = "libc++";
				CLANG_ENABLE_MODULES = YES;
				CLANG_ENABLE_OBJC_ARC = YES;
				CLANG_ENABLE_OBJC_WEAK = YES;
				CLANG_WARN_BLOCK_CAPTURE_AUTORELEASING = YES;
				CLANG_WARN_BOOL_CONVERSION = YES;
				CLANG_WARN_COMMA = YES;
				CLANG_WARN_CONSTANT_CONVERSION = YES;
				CLANG_WARN_DEPRECATED_OBJC_IMPLEMENTATIONS = YES;
				CLANG_WARN_DIRECT_OBJC_ISA_USAGE = YES_ERROR;
				CLANG_WARN_DOCUMENTATION_COMMENTS = YES;
				CLANG_WARN_EMPTY_BODY = YES;
				CLANG_WARN_ENUM_CONVERSION = YES;
				CLANG_WARN_INFINITE_RECURSION = YES;
				CLANG_WARN_INT_CONVERSION = YES;
				CLANG_WARN_NON_LITERAL_NULL_CONVERSION = YES;
				CLANG_WARN_OBJC_IMPLICIT_RETAIN_SELF = YES;
				CLANG_WARN_OBJC_LITERAL_CONVERSION = YES;
				CLANG_WARN_OBJC_ROOT_CLASS = YES_ERROR;
				CLANG_WARN_RANGE_LOOP_ANALYSIS = YES;
				CLANG_WARN_STRICT_PROTOTYPES = YES;
				CLANG_WARN_SUSPICIOUS_MOVE = YES;
				CLANG_WARN_UNGUARDED_AVAILABILITY = YES_AGGRESSIVE;
				CLANG_WARN_UNREACHABLE_CODE = YES;
				CLANG_WARN__DUPLICATE_METHOD_MATCH = YES;
				CODE_SIGN_IDENTITY = "iPhone Developer";
				COPY_PHASE_STRIP = NO;
				DEBUG_INFORMATION_FORMAT = "dwarf-with-dsym";
				ENABLE_NS_ASSERTIONS = NO;
				ENABLE_STRICT_OBJC_MSGSEND = YES;
				GCC_C_LANGUAGE_STANDARD = gnu11;
				GCC_NO_COMMON_BLOCKS = YES;
				GCC_WARN_64_TO_32_BIT_CONVERSION = YES;
				GCC_WARN_ABOUT_RETURN_TYPE = YES_ERROR;
				GCC_WARN_UNDECLARED_SELECTOR = YES;
				GCC_WARN_UNINITIALIZED_AUTOS = YES_AGGRESSIVE;
				GCC_WARN_UNUSED_FUNCTION = YES;
				GCC_WARN_UNUSED_VARIABLE = YES;
				IPHONEOS_DEPLOYMENT_TARGET = 11.4;
				MTL_ENABLE_DEBUG_INFO = NO;
				SDKROOT = iphoneos;
				SWIFT_COMPILATION_MODE = wholemodule;
				SWIFT_OPTIMIZATION_LEVEL = "-O";
				VALIDATE_PRODUCT = YES;
			};
			name = Release;
		};
		93DB5CBA20D8A66C0060CDFD /* Debug */ = {
			isa = XCBuildConfiguration;
			baseConfigurationReference = 3F08A70766BEB5E58741D842 /* Pods-Empower.debug.xcconfig */;
			buildSettings = {
				ASSETCATALOG_COMPILER_APPICON_NAME = AppIcon;
				CODE_SIGN_STYLE = Automatic;
				DEVELOPMENT_TEAM = HPR2UU59UY;
				INFOPLIST_FILE = Empower/Info.plist;
				LD_RUNPATH_SEARCH_PATHS = (
					"$(inherited)",
					"@executable_path/Frameworks",
				);
				PRODUCT_BUNDLE_IDENTIFIER = com.aaronzhong.Empower;
				PRODUCT_NAME = "$(TARGET_NAME)";
				SWIFT_VERSION = 4.0;
				TARGETED_DEVICE_FAMILY = "1,2";
			};
			name = Debug;
		};
		93DB5CBB20D8A66C0060CDFD /* Release */ = {
			isa = XCBuildConfiguration;
			baseConfigurationReference = 723694AADBFA12EEB33D9A48 /* Pods-Empower.release.xcconfig */;
			buildSettings = {
				ASSETCATALOG_COMPILER_APPICON_NAME = AppIcon;
				CODE_SIGN_STYLE = Automatic;
				DEVELOPMENT_TEAM = HPR2UU59UY;
				INFOPLIST_FILE = Empower/Info.plist;
				LD_RUNPATH_SEARCH_PATHS = (
					"$(inherited)",
					"@executable_path/Frameworks",
				);
				PRODUCT_BUNDLE_IDENTIFIER = com.aaronzhong.Empower;
				PRODUCT_NAME = "$(TARGET_NAME)";
				SWIFT_VERSION = 4.0;
				TARGETED_DEVICE_FAMILY = "1,2";
			};
			name = Release;
		};
/* End XCBuildConfiguration section */

/* Begin XCConfigurationList section */
		93DB5CA220D8A6680060CDFD /* Build configuration list for PBXProject "Empower" */ = {
			isa = XCConfigurationList;
			buildConfigurations = (
				93DB5CB720D8A66C0060CDFD /* Debug */,
				93DB5CB820D8A66C0060CDFD /* Release */,
			);
			defaultConfigurationIsVisible = 0;
			defaultConfigurationName = Release;
		};
		93DB5CB920D8A66C0060CDFD /* Build configuration list for PBXNativeTarget "Empower" */ = {
			isa = XCConfigurationList;
			buildConfigurations = (
				93DB5CBA20D8A66C0060CDFD /* Debug */,
				93DB5CBB20D8A66C0060CDFD /* Release */,
			);
			defaultConfigurationIsVisible = 0;
			defaultConfigurationName = Release;
		};
/* End XCConfigurationList section */
	};
	rootObject = 93DB5C9F20D8A6680060CDFD /* Project object */;
}
